
Microsoft Visual Studio Solution File, Format Version 12.00
# Visual Studio Version 17
VisualStudioVersion = 17.0.31903.59
MinimumVisualStudioVersion = 10.0.40219.1
Project("{FAE04EC0-301F-11D3-BF4B-00C04F79EFBC}") = "API", "API\API.csproj", "{C9CFEF93-C589-4BAB-A934-D6D298E1F0F5}"
EndProject
Project("{FAE04EC0-301F-11D3-BF4B-00C04F79EFBC}") = "Application", "Application\Application.csproj", "{530C6B18-295D-4CC3-BE79-4E2924D000CE}"
EndProject
Project("{FAE04EC0-301F-11D3-BF4B-00C04F79EFBC}") = "Domain", "Domain\Domain.csproj", "{2BEA517B-420F-4D98-835E-C6242123F39B}"
EndProject
Project("{FAE04EC0-301F-11D3-BF4B-00C04F79EFBC}") = "Persistence", "Persistence\Persistence.csproj", "{E25362E9-C896-4AF7-8594-5D76093B168F}"
EndProject
Global
	GlobalSection(SolutionConfigurationPlatforms) = preSolution
		Debug|Any CPU = Debug|Any CPU
		Debug|x64 = Debug|x64
		Debug|x86 = Debug|x86
		Release|Any CPU = Release|Any CPU
		Release|x64 = Release|x64
		Release|x86 = Release|x86
	EndGlobalSection
	GlobalSection(ProjectConfigurationPlatforms) = postSolution
		{C9CFEF93-C589-4BAB-A934-D6D298E1F0F5}.Debug|Any CPU.ActiveCfg = Debug|Any CPU
		{C9CFEF93-C589-4BAB-A934-D6D298E1F0F5}.Debug|Any CPU.Build.0 = Debug|Any CPU
		{C9CFEF93-C589-4BAB-A934-D6D298E1F0F5}.Debug|x64.ActiveCfg = Debug|Any CPU
		{C9CFEF93-C589-4BAB-A934-D6D298E1F0F5}.Debug|x64.Build.0 = Debug|Any CPU
		{C9CFEF93-C589-4BAB-A934-D6D298E1F0F5}.Debug|x86.ActiveCfg = Debug|Any CPU
		{C9CFEF93-C589-4BAB-A934-D6D298E1F0F5}.Debug|x86.Build.0 = Debug|Any CPU
		{C9CFEF93-C589-4BAB-A934-D6D298E1F0F5}.Release|Any CPU.ActiveCfg = Release|Any CPU
		{C9CFEF93-C589-4BAB-A934-D6D298E1F0F5}.Release|Any CPU.Build.0 = Release|Any CPU
		{C9CFEF93-C589-4BAB-A934-D6D298E1F0F5}.Release|x64.ActiveCfg = Release|Any CPU
		{C9CFEF93-C589-4BAB-A934-D6D298E1F0F5}.Release|x64.Build.0 = Release|Any CPU
		{C9CFEF93-C589-4BAB-A934-D6D298E1F0F5}.Release|x86.ActiveCfg = Release|Any CPU
		{C9CFEF93-C589-4BAB-A934-D6D298E1F0F5}.Release|x86.Build.0 = Release|Any CPU
		{530C6B18-295D-4CC3-BE79-4E2924D000CE}.Debug|Any CPU.ActiveCfg = Debug|Any CPU
		{530C6B18-295D-4CC3-BE79-4E2924D000CE}.Debug|Any CPU.Build.0 = Debug|Any CPU
		{530C6B18-295D-4CC3-BE79-4E2924D000CE}.Debug|x64.ActiveCfg = Debug|Any CPU
		{530C6B18-295D-4CC3-BE79-4E2924D000CE}.Debug|x64.Build.0 = Debug|Any CPU
		{530C6B18-295D-4CC3-BE79-4E2924D000CE}.Debug|x86.ActiveCfg = Debug|Any CPU
		{530C6B18-295D-4CC3-BE79-4E2924D000CE}.Debug|x86.Build.0 = Debug|Any CPU
		{530C6B18-295D-4CC3-BE79-4E2924D000CE}.Release|Any CPU.ActiveCfg = Release|Any CPU
		{530C6B18-295D-4CC3-BE79-4E2924D000CE}.Release|Any CPU.Build.0 = Release|Any CPU
		{530C6B18-295D-4CC3-BE79-4E2924D000CE}.Release|x64.ActiveCfg = Release|Any CPU
		{530C6B18-295D-4CC3-BE79-4E2924D000CE}.Release|x64.Build.0 = Release|Any CPU
		{530C6B18-295D-4CC3-BE79-4E2924D000CE}.Release|x86.ActiveCfg = Release|Any CPU
		{530C6B18-295D-4CC3-BE79-4E2924D000CE}.Release|x86.Build.0 = Release|Any CPU
		{2BEA517B-420F-4D98-835E-C6242123F39B}.Debug|Any CPU.ActiveCfg = Debug|Any CPU
		{2BEA517B-420F-4D98-835E-C6242123F39B}.Debug|Any CPU.Build.0 = Debug|Any CPU
		{2BEA517B-420F-4D98-835E-C6242123F39B}.Debug|x64.ActiveCfg = Debug|Any CPU
		{2BEA517B-420F-4D98-835E-C6242123F39B}.Debug|x64.Build.0 = Debug|Any CPU
		{2BEA517B-420F-4D98-835E-C6242123F39B}.Debug|x86.ActiveCfg = Debug|Any CPU
		{2BEA517B-420F-4D98-835E-C6242123F39B}.Debug|x86.Build.0 = Debug|Any CPU
		{2BEA517B-420F-4D98-835E-C6242123F39B}.Release|Any CPU.ActiveCfg = Release|Any CPU
		{2BEA517B-420F-4D98-835E-C6242123F39B}.Release|Any CPU.Build.0 = Release|Any CPU
		{2BEA517B-420F-4D98-835E-C6242123F39B}.Release|x64.ActiveCfg = Release|Any CPU
		{2BEA517B-420F-4D98-835E-C6242123F39B}.Release|x64.Build.0 = Release|Any CPU
		{2BEA517B-420F-4D98-835E-C6242123F39B}.Release|x86.ActiveCfg = Release|Any CPU
		{2BEA517B-420F-4D98-835E-C6242123F39B}.Release|x86.Build.0 = Release|Any CPU
		{E25362E9-C896-4AF7-8594-5D76093B168F}.Debug|Any CPU.ActiveCfg = Debug|Any CPU
		{E25362E9-C896-4AF7-8594-5D76093B168F}.Debug|Any CPU.Build.0 = Debug|Any CPU
		{E25362E9-C896-4AF7-8594-5D76093B168F}.Debug|x64.ActiveCfg = Debug|Any CPU
		{E25362E9-C896-4AF7-8594-5D76093B168F}.Debug|x64.Build.0 = Debug|Any CPU
		{E25362E9-C896-4AF7-8594-5D76093B168F}.Debug|x86.ActiveCfg = Debug|Any CPU
		{E25362E9-C896-4AF7-8594-5D76093B168F}.Debug|x86.Build.0 = Debug|Any CPU
		{E25362E9-C896-4AF7-8594-5D76093B168F}.Release|Any CPU.ActiveCfg = Release|Any CPU
		{E25362E9-C896-4AF7-8594-5D76093B168F}.Release|Any CPU.Build.0 = Release|Any CPU
		{E25362E9-C896-4AF7-8594-5D76093B168F}.Release|x64.ActiveCfg = Release|Any CPU
		{E25362E9-C896-4AF7-8594-5D76093B168F}.Release|x64.Build.0 = Release|Any CPU
		{E25362E9-C896-4AF7-8594-5D76093B168F}.Release|x86.ActiveCfg = Release|Any CPU
		{E25362E9-C896-4AF7-8594-5D76093B168F}.Release|x86.Build.0 = Release|Any CPU
	EndGlobalSection
	GlobalSection(SolutionProperties) = preSolution
		HideSolutionNode = FALSE
	EndGlobalSection
EndGlobal
